
Microsoft Visual Studio Solution File, Format Version 12.00
# Visual Studio Version 16
VisualStudioVersion = 16.0.30907.101
MinimumVisualStudioVersion = 10.0.40219.1
Project("{9A19103F-16F7-4668-BE54-9A1E7A4F7556}") = "adless-dns.core", "src\adless-dns.core\adless-dns.core.csproj", "{BE7107F3-5D21-464D-B3D1-17BA08CE203F}"
EndProject
Project("{FAE04EC0-301F-11D3-BF4B-00C04F79EFBC}") = "adless-dns.service.windows", "src\adless-dns.service.windows\adless-dns.service.windows.csproj", "{B2A0A4D4-DC0A-43F1-AC02-5D7078065E3C}"
EndProject
Project("{9A19103F-16F7-4668-BE54-9A1E7A4F7556}") = "adless-dns.service.linux", "src\adless-dns.service.linux\adless-dns.service.linux.csproj", "{194DC334-D7B0-487D-BC85-BAAA130B3786}"
EndProject
Global
	GlobalSection(SolutionConfigurationPlatforms) = preSolution
		Debug|Any CPU = Debug|Any CPU
		Release|Any CPU = Release|Any CPU
	EndGlobalSection
	GlobalSection(ProjectConfigurationPlatforms) = postSolution
		{BE7107F3-5D21-464D-B3D1-17BA08CE203F}.Debug|Any CPU.ActiveCfg = Debug|Any CPU
		{BE7107F3-5D21-464D-B3D1-17BA08CE203F}.Debug|Any CPU.Build.0 = Debug|Any CPU
		{BE7107F3-5D21-464D-B3D1-17BA08CE203F}.Release|Any CPU.ActiveCfg = Release|Any CPU
		{BE7107F3-5D21-464D-B3D1-17BA08CE203F}.Release|Any CPU.Build.0 = Release|Any CPU
		{B2A0A4D4-DC0A-43F1-AC02-5D7078065E3C}.Debug|Any CPU.ActiveCfg = Debug|Any CPU
		{B2A0A4D4-DC0A-43F1-AC02-5D7078065E3C}.Debug|Any CPU.Build.0 = Debug|Any CPU
		{B2A0A4D4-DC0A-43F1-AC02-5D7078065E3C}.Release|Any CPU.ActiveCfg = Release|Any CPU
		{B2A0A4D4-DC0A-43F1-AC02-5D7078065E3C}.Release|Any CPU.Build.0 = Release|Any CPU
		{194DC334-D7B0-487D-BC85-BAAA130B3786}.Debug|Any CPU.ActiveCfg = Debug|Any CPU
		{194DC334-D7B0-487D-BC85-BAAA130B3786}.Debug|Any CPU.Build.0 = Debug|Any CPU
		{194DC334-D7B0-487D-BC85-BAAA130B3786}.Release|Any CPU.ActiveCfg = Release|Any CPU
		{194DC334-D7B0-487D-BC85-BAAA130B3786}.Release|Any CPU.Build.0 = Release|Any CPU
	EndGlobalSection
	GlobalSection(SolutionProperties) = preSolution
		HideSolutionNode = FALSE
	EndGlobalSection
	GlobalSection(ExtensibilityGlobals) = postSolution
		SolutionGuid = {3C186B35-5579-4228-980F-C468855F986A}
	EndGlobalSection
EndGlobal
